
Microsoft Visual Studio Solution File, Format Version 11.00
# Visual Studio 2010
Project("{FAE04EC0-301F-11D3-BF4B-00C04F79EFBC}") = "PricingService", "PricingService\PricingService.csproj", "{BFC2FE07-7513-4F6B-84A9-96A15F6AB4A6}"
EndProject
Project("{FAE04EC0-301F-11D3-BF4B-00C04F79EFBC}") = "PricingService.Test", "PricingService.Test\PricingService.Test.csproj", "{0BEAAE29-DC84-487F-BF59-E938977104A4}"
EndProject
Project("{2150E333-8FDC-42A3-9474-1A3956D46DE8}") = "Solution Items", "Solution Items", "{BCE655B1-1CC7-42BA-B81A-905A9CD3A15D}"
	ProjectSection(SolutionItems) = preProject
		Local.testsettings = Local.testsettings
		TestableWcfServices.vsmdi = TestableWcfServices.vsmdi
		TraceAndTestImpact.testsettings = TraceAndTestImpact.testsettings
	EndProjectSection
EndProject
Global
	GlobalSection(TestCaseManagementSettings) = postSolution
		CategoryFile = TestableWcfServices.vsmdi
	EndGlobalSection
	GlobalSection(SolutionConfigurationPlatforms) = preSolution
		Debug|Any CPU = Debug|Any CPU
		Debug|Mixed Platforms = Debug|Mixed Platforms
		Debug|x86 = Debug|x86
		Release|Any CPU = Release|Any CPU
		Release|Mixed Platforms = Release|Mixed Platforms
		Release|x86 = Release|x86
	EndGlobalSection
	GlobalSection(ProjectConfigurationPlatforms) = postSolution
		{BFC2FE07-7513-4F6B-84A9-96A15F6AB4A6}.Debug|Any CPU.ActiveCfg = Debug|x86
		{BFC2FE07-7513-4F6B-84A9-96A15F6AB4A6}.Debug|Mixed Platforms.ActiveCfg = Debug|x86
		{BFC2FE07-7513-4F6B-84A9-96A15F6AB4A6}.Debug|Mixed Platforms.Build.0 = Debug|x86
		{BFC2FE07-7513-4F6B-84A9-96A15F6AB4A6}.Debug|x86.ActiveCfg = Debug|x86
		{BFC2FE07-7513-4F6B-84A9-96A15F6AB4A6}.Debug|x86.Build.0 = Debug|x86
		{BFC2FE07-7513-4F6B-84A9-96A15F6AB4A6}.Release|Any CPU.ActiveCfg = Release|x86
		{BFC2FE07-7513-4F6B-84A9-96A15F6AB4A6}.Release|Mixed Platforms.ActiveCfg = Release|x86
		{BFC2FE07-7513-4F6B-84A9-96A15F6AB4A6}.Release|Mixed Platforms.Build.0 = Release|x86
		{BFC2FE07-7513-4F6B-84A9-96A15F6AB4A6}.Release|x86.ActiveCfg = Release|x86
		{BFC2FE07-7513-4F6B-84A9-96A15F6AB4A6}.Release|x86.Build.0 = Release|x86
		{0BEAAE29-DC84-487F-BF59-E938977104A4}.Debug|Any CPU.ActiveCfg = Debug|Any CPU
		{0BEAAE29-DC84-487F-BF59-E938977104A4}.Debug|Any CPU.Build.0 = Debug|Any CPU
		{0BEAAE29-DC84-487F-BF59-E938977104A4}.Debug|Mixed Platforms.ActiveCfg = Debug|Any CPU
		{0BEAAE29-DC84-487F-BF59-E938977104A4}.Debug|Mixed Platforms.Build.0 = Debug|Any CPU
		{0BEAAE29-DC84-487F-BF59-E938977104A4}.Debug|x86.ActiveCfg = Debug|Any CPU
		{0BEAAE29-DC84-487F-BF59-E938977104A4}.Release|Any CPU.ActiveCfg = Release|Any CPU
		{0BEAAE29-DC84-487F-BF59-E938977104A4}.Release|Any CPU.Build.0 = Release|Any CPU
		{0BEAAE29-DC84-487F-BF59-E938977104A4}.Release|Mixed Platforms.ActiveCfg = Release|Any CPU
		{0BEAAE29-DC84-487F-BF59-E938977104A4}.Release|Mixed Platforms.Build.0 = Release|Any CPU
		{0BEAAE29-DC84-487F-BF59-E938977104A4}.Release|x86.ActiveCfg = Release|Any CPU
	EndGlobalSection
	GlobalSection(SolutionProperties) = preSolution
		HideSolutionNode = FALSE
	EndGlobalSection
EndGlobal
