
Microsoft Visual Studio Solution File, Format Version 11.00
# Visual Studio 2010
Project("{FAE04EC0-301F-11D3-BF4B-00C04F79EFBC}") = "SelfHostedService", "SelfHostedService\SelfHostedService.csproj", "{8C17A094-4BF4-4D8F-A74A-A47369AF0F13}"
EndProject
Project("{FAE04EC0-301F-11D3-BF4B-00C04F79EFBC}") = "SLApp", "SLApp\SLApp.csproj", "{560B4A13-C1EB-496D-9BB7-F574C2FAA8EC}"
EndProject
Project("{FAE04EC0-301F-11D3-BF4B-00C04F79EFBC}") = "SLApp.Web", "SLApp.Web\SLApp.Web.csproj", "{E6B16121-667B-4757-A95B-D91AD649E4C9}"
EndProject
Global
	GlobalSection(SolutionConfigurationPlatforms) = preSolution
		Debug|Any CPU = Debug|Any CPU
		Debug|Mixed Platforms = Debug|Mixed Platforms
		Debug|x86 = Debug|x86
		Release|Any CPU = Release|Any CPU
		Release|Mixed Platforms = Release|Mixed Platforms
		Release|x86 = Release|x86
	EndGlobalSection
	GlobalSection(ProjectConfigurationPlatforms) = postSolution
		{8C17A094-4BF4-4D8F-A74A-A47369AF0F13}.Debug|Any CPU.ActiveCfg = Debug|x86
		{8C17A094-4BF4-4D8F-A74A-A47369AF0F13}.Debug|Mixed Platforms.ActiveCfg = Debug|x86
		{8C17A094-4BF4-4D8F-A74A-A47369AF0F13}.Debug|Mixed Platforms.Build.0 = Debug|x86
		{8C17A094-4BF4-4D8F-A74A-A47369AF0F13}.Debug|x86.ActiveCfg = Debug|x86
		{8C17A094-4BF4-4D8F-A74A-A47369AF0F13}.Debug|x86.Build.0 = Debug|x86
		{8C17A094-4BF4-4D8F-A74A-A47369AF0F13}.Release|Any CPU.ActiveCfg = Release|x86
		{8C17A094-4BF4-4D8F-A74A-A47369AF0F13}.Release|Mixed Platforms.ActiveCfg = Release|x86
		{8C17A094-4BF4-4D8F-A74A-A47369AF0F13}.Release|Mixed Platforms.Build.0 = Release|x86
		{8C17A094-4BF4-4D8F-A74A-A47369AF0F13}.Release|x86.ActiveCfg = Release|x86
		{8C17A094-4BF4-4D8F-A74A-A47369AF0F13}.Release|x86.Build.0 = Release|x86
		{560B4A13-C1EB-496D-9BB7-F574C2FAA8EC}.Debug|Any CPU.ActiveCfg = Debug|Any CPU
		{560B4A13-C1EB-496D-9BB7-F574C2FAA8EC}.Debug|Any CPU.Build.0 = Debug|Any CPU
		{560B4A13-C1EB-496D-9BB7-F574C2FAA8EC}.Debug|Mixed Platforms.ActiveCfg = Debug|Any CPU
		{560B4A13-C1EB-496D-9BB7-F574C2FAA8EC}.Debug|Mixed Platforms.Build.0 = Debug|Any CPU
		{560B4A13-C1EB-496D-9BB7-F574C2FAA8EC}.Debug|x86.ActiveCfg = Debug|Any CPU
		{560B4A13-C1EB-496D-9BB7-F574C2FAA8EC}.Release|Any CPU.ActiveCfg = Release|Any CPU
		{560B4A13-C1EB-496D-9BB7-F574C2FAA8EC}.Release|Any CPU.Build.0 = Release|Any CPU
		{560B4A13-C1EB-496D-9BB7-F574C2FAA8EC}.Release|Mixed Platforms.ActiveCfg = Release|Any CPU
		{560B4A13-C1EB-496D-9BB7-F574C2FAA8EC}.Release|Mixed Platforms.Build.0 = Release|Any CPU
		{560B4A13-C1EB-496D-9BB7-F574C2FAA8EC}.Release|x86.ActiveCfg = Release|Any CPU
		{E6B16121-667B-4757-A95B-D91AD649E4C9}.Debug|Any CPU.ActiveCfg = Debug|Any CPU
		{E6B16121-667B-4757-A95B-D91AD649E4C9}.Debug|Any CPU.Build.0 = Debug|Any CPU
		{E6B16121-667B-4757-A95B-D91AD649E4C9}.Debug|Mixed Platforms.ActiveCfg = Debug|Any CPU
		{E6B16121-667B-4757-A95B-D91AD649E4C9}.Debug|Mixed Platforms.Build.0 = Debug|Any CPU
		{E6B16121-667B-4757-A95B-D91AD649E4C9}.Debug|x86.ActiveCfg = Debug|Any CPU
		{E6B16121-667B-4757-A95B-D91AD649E4C9}.Release|Any CPU.ActiveCfg = Release|Any CPU
		{E6B16121-667B-4757-A95B-D91AD649E4C9}.Release|Any CPU.Build.0 = Release|Any CPU
		{E6B16121-667B-4757-A95B-D91AD649E4C9}.Release|Mixed Platforms.ActiveCfg = Release|Any CPU
		{E6B16121-667B-4757-A95B-D91AD649E4C9}.Release|Mixed Platforms.Build.0 = Release|Any CPU
		{E6B16121-667B-4757-A95B-D91AD649E4C9}.Release|x86.ActiveCfg = Release|Any CPU
	EndGlobalSection
	GlobalSection(SolutionProperties) = preSolution
		HideSolutionNode = FALSE
	EndGlobalSection
EndGlobal
