
Microsoft Visual Studio Solution File, Format Version 11.00
# Visual Web Developer Express 2010
Project("{FAE04EC0-301F-11D3-BF4B-00C04F79EFBC}") = "ParameterValidation", "ParameterValidation.csproj", "{724BCFB7-3806-49C5-A61F-77B1E8A03535}"
EndProject
Global
	GlobalSection(SolutionConfigurationPlatforms) = preSolution
		Debug|Any CPU = Debug|Any CPU
		Release|Any CPU = Release|Any CPU
	EndGlobalSection
	GlobalSection(ProjectConfigurationPlatforms) = postSolution
		{724BCFB7-3806-49C5-A61F-77B1E8A03535}.Debug|Any CPU.ActiveCfg = Debug|Any CPU
		{724BCFB7-3806-49C5-A61F-77B1E8A03535}.Debug|Any CPU.Build.0 = Debug|Any CPU
		{724BCFB7-3806-49C5-A61F-77B1E8A03535}.Release|Any CPU.ActiveCfg = Release|Any CPU
		{724BCFB7-3806-49C5-A61F-77B1E8A03535}.Release|Any CPU.Build.0 = Release|Any CPU
	EndGlobalSection
	GlobalSection(SolutionProperties) = preSolution
		HideSolutionNode = FALSE
	EndGlobalSection
EndGlobal
