
Microsoft Visual Studio Solution File, Format Version 11.00
# Visual Studio 2010
Project("{FAE04EC0-301F-11D3-BF4B-00C04F79EFBC}") = "SLApp", "SLApp\SLApp.csproj", "{0FDEEBA0-1E86-41D7-957D-048B9AA76EC2}"
EndProject
Project("{FAE04EC0-301F-11D3-BF4B-00C04F79EFBC}") = "SLApp.Web", "SLApp.Web\SLApp.Web.csproj", "{02DA7756-BD50-4BA3-A681-4345D8738803}"
EndProject
Global
	GlobalSection(SolutionConfigurationPlatforms) = preSolution
		Debug|Any CPU = Debug|Any CPU
		Release|Any CPU = Release|Any CPU
	EndGlobalSection
	GlobalSection(ProjectConfigurationPlatforms) = postSolution
		{0FDEEBA0-1E86-41D7-957D-048B9AA76EC2}.Debug|Any CPU.ActiveCfg = Debug|Any CPU
		{0FDEEBA0-1E86-41D7-957D-048B9AA76EC2}.Debug|Any CPU.Build.0 = Debug|Any CPU
		{0FDEEBA0-1E86-41D7-957D-048B9AA76EC2}.Release|Any CPU.ActiveCfg = Release|Any CPU
		{0FDEEBA0-1E86-41D7-957D-048B9AA76EC2}.Release|Any CPU.Build.0 = Release|Any CPU
		{02DA7756-BD50-4BA3-A681-4345D8738803}.Debug|Any CPU.ActiveCfg = Debug|Any CPU
		{02DA7756-BD50-4BA3-A681-4345D8738803}.Debug|Any CPU.Build.0 = Debug|Any CPU
		{02DA7756-BD50-4BA3-A681-4345D8738803}.Release|Any CPU.ActiveCfg = Release|Any CPU
		{02DA7756-BD50-4BA3-A681-4345D8738803}.Release|Any CPU.Build.0 = Release|Any CPU
	EndGlobalSection
	GlobalSection(SolutionProperties) = preSolution
		HideSolutionNode = FALSE
	EndGlobalSection
EndGlobal
