
Microsoft Visual Studio Solution File, Format Version 11.00
# Visual Studio 2010
Project("{FAE04EC0-301F-11D3-BF4B-00C04F79EFBC}") = "SLApp", "SLApp\SLApp.csproj", "{FED141EB-EBD4-4C79-9FF2-46E45046ED76}"
	ProjectSection(ProjectDependencies) = postProject
		{52D90FE0-E7D0-408A-8E44-37ACEE747EFC} = {52D90FE0-E7D0-408A-8E44-37ACEE747EFC}
	EndProjectSection
EndProject
Project("{FAE04EC0-301F-11D3-BF4B-00C04F79EFBC}") = "SLApp.Web", "SLApp.Web\SLApp.Web.csproj", "{52D90FE0-E7D0-408A-8E44-37ACEE747EFC}"
EndProject
Global
	GlobalSection(SolutionConfigurationPlatforms) = preSolution
		Debug|Any CPU = Debug|Any CPU
		Release|Any CPU = Release|Any CPU
	EndGlobalSection
	GlobalSection(ProjectConfigurationPlatforms) = postSolution
		{FED141EB-EBD4-4C79-9FF2-46E45046ED76}.Debug|Any CPU.ActiveCfg = Debug|Any CPU
		{FED141EB-EBD4-4C79-9FF2-46E45046ED76}.Debug|Any CPU.Build.0 = Debug|Any CPU
		{FED141EB-EBD4-4C79-9FF2-46E45046ED76}.Release|Any CPU.ActiveCfg = Release|Any CPU
		{FED141EB-EBD4-4C79-9FF2-46E45046ED76}.Release|Any CPU.Build.0 = Release|Any CPU
		{52D90FE0-E7D0-408A-8E44-37ACEE747EFC}.Debug|Any CPU.ActiveCfg = Debug|Any CPU
		{52D90FE0-E7D0-408A-8E44-37ACEE747EFC}.Debug|Any CPU.Build.0 = Debug|Any CPU
		{52D90FE0-E7D0-408A-8E44-37ACEE747EFC}.Release|Any CPU.ActiveCfg = Release|Any CPU
		{52D90FE0-E7D0-408A-8E44-37ACEE747EFC}.Release|Any CPU.Build.0 = Release|Any CPU
	EndGlobalSection
	GlobalSection(SolutionProperties) = preSolution
		HideSolutionNode = FALSE
	EndGlobalSection
EndGlobal
