
Microsoft Visual Studio Solution File, Format Version 11.00
# Visual Studio 2010
Project("{FAE04EC0-301F-11D3-BF4B-00C04F79EFBC}") = "BinaryFormatParser", "BinaryFormatParser\BinaryFormatParser.csproj", "{E8334710-A888-43B6-8143-7988460534AA}"
EndProject
Project("{FAE04EC0-301F-11D3-BF4B-00C04F79EFBC}") = "WcfBinaryParser", "WcfBinaryParser\WcfBinaryParser.csproj", "{17EE13AA-24C7-40C5-B7A2-DD5A787A7E9E}"
EndProject
Project("{FAE04EC0-301F-11D3-BF4B-00C04F79EFBC}") = "WcfBinaryViewer", "WcfBinaryViewer\WcfBinaryViewer.csproj", "{B4C3A34A-2332-4611-B12A-1219B82DA1E7}"
EndProject
Project("{FAE04EC0-301F-11D3-BF4B-00C04F79EFBC}") = "SerializeWithSessionDictionary", "SerializeWithSessionDictionary\SerializeWithSessionDictionary.csproj", "{011ADF37-1D0B-4AB2-82D8-A35E14FBD89D}"
EndProject
Global
	GlobalSection(SolutionConfigurationPlatforms) = preSolution
		Debug|Any CPU = Debug|Any CPU
		Debug|Mixed Platforms = Debug|Mixed Platforms
		Debug|x86 = Debug|x86
		Release|Any CPU = Release|Any CPU
		Release|Mixed Platforms = Release|Mixed Platforms
		Release|x86 = Release|x86
	EndGlobalSection
	GlobalSection(ProjectConfigurationPlatforms) = postSolution
		{E8334710-A888-43B6-8143-7988460534AA}.Debug|Any CPU.ActiveCfg = Debug|Any CPU
		{E8334710-A888-43B6-8143-7988460534AA}.Debug|Any CPU.Build.0 = Debug|Any CPU
		{E8334710-A888-43B6-8143-7988460534AA}.Debug|Mixed Platforms.ActiveCfg = Debug|Any CPU
		{E8334710-A888-43B6-8143-7988460534AA}.Debug|Mixed Platforms.Build.0 = Debug|Any CPU
		{E8334710-A888-43B6-8143-7988460534AA}.Debug|x86.ActiveCfg = Debug|Any CPU
		{E8334710-A888-43B6-8143-7988460534AA}.Release|Any CPU.ActiveCfg = Release|Any CPU
		{E8334710-A888-43B6-8143-7988460534AA}.Release|Any CPU.Build.0 = Release|Any CPU
		{E8334710-A888-43B6-8143-7988460534AA}.Release|Mixed Platforms.ActiveCfg = Release|Any CPU
		{E8334710-A888-43B6-8143-7988460534AA}.Release|Mixed Platforms.Build.0 = Release|Any CPU
		{E8334710-A888-43B6-8143-7988460534AA}.Release|x86.ActiveCfg = Release|Any CPU
		{17EE13AA-24C7-40C5-B7A2-DD5A787A7E9E}.Debug|Any CPU.ActiveCfg = Debug|x86
		{17EE13AA-24C7-40C5-B7A2-DD5A787A7E9E}.Debug|Mixed Platforms.ActiveCfg = Debug|x86
		{17EE13AA-24C7-40C5-B7A2-DD5A787A7E9E}.Debug|Mixed Platforms.Build.0 = Debug|x86
		{17EE13AA-24C7-40C5-B7A2-DD5A787A7E9E}.Debug|x86.ActiveCfg = Debug|x86
		{17EE13AA-24C7-40C5-B7A2-DD5A787A7E9E}.Debug|x86.Build.0 = Debug|x86
		{17EE13AA-24C7-40C5-B7A2-DD5A787A7E9E}.Release|Any CPU.ActiveCfg = Release|x86
		{17EE13AA-24C7-40C5-B7A2-DD5A787A7E9E}.Release|Mixed Platforms.ActiveCfg = Release|x86
		{17EE13AA-24C7-40C5-B7A2-DD5A787A7E9E}.Release|Mixed Platforms.Build.0 = Release|x86
		{17EE13AA-24C7-40C5-B7A2-DD5A787A7E9E}.Release|x86.ActiveCfg = Release|x86
		{17EE13AA-24C7-40C5-B7A2-DD5A787A7E9E}.Release|x86.Build.0 = Release|x86
		{B4C3A34A-2332-4611-B12A-1219B82DA1E7}.Debug|Any CPU.ActiveCfg = Debug|x86
		{B4C3A34A-2332-4611-B12A-1219B82DA1E7}.Debug|Mixed Platforms.ActiveCfg = Debug|x86
		{B4C3A34A-2332-4611-B12A-1219B82DA1E7}.Debug|Mixed Platforms.Build.0 = Debug|x86
		{B4C3A34A-2332-4611-B12A-1219B82DA1E7}.Debug|x86.ActiveCfg = Debug|x86
		{B4C3A34A-2332-4611-B12A-1219B82DA1E7}.Debug|x86.Build.0 = Debug|x86
		{B4C3A34A-2332-4611-B12A-1219B82DA1E7}.Release|Any CPU.ActiveCfg = Release|x86
		{B4C3A34A-2332-4611-B12A-1219B82DA1E7}.Release|Mixed Platforms.ActiveCfg = Release|x86
		{B4C3A34A-2332-4611-B12A-1219B82DA1E7}.Release|Mixed Platforms.Build.0 = Release|x86
		{B4C3A34A-2332-4611-B12A-1219B82DA1E7}.Release|x86.ActiveCfg = Release|x86
		{B4C3A34A-2332-4611-B12A-1219B82DA1E7}.Release|x86.Build.0 = Release|x86
		{011ADF37-1D0B-4AB2-82D8-A35E14FBD89D}.Debug|Any CPU.ActiveCfg = Debug|x86
		{011ADF37-1D0B-4AB2-82D8-A35E14FBD89D}.Debug|Mixed Platforms.ActiveCfg = Debug|x86
		{011ADF37-1D0B-4AB2-82D8-A35E14FBD89D}.Debug|Mixed Platforms.Build.0 = Debug|x86
		{011ADF37-1D0B-4AB2-82D8-A35E14FBD89D}.Debug|x86.ActiveCfg = Debug|x86
		{011ADF37-1D0B-4AB2-82D8-A35E14FBD89D}.Debug|x86.Build.0 = Debug|x86
		{011ADF37-1D0B-4AB2-82D8-A35E14FBD89D}.Release|Any CPU.ActiveCfg = Release|x86
		{011ADF37-1D0B-4AB2-82D8-A35E14FBD89D}.Release|Mixed Platforms.ActiveCfg = Release|x86
		{011ADF37-1D0B-4AB2-82D8-A35E14FBD89D}.Release|Mixed Platforms.Build.0 = Release|x86
		{011ADF37-1D0B-4AB2-82D8-A35E14FBD89D}.Release|x86.ActiveCfg = Release|x86
		{011ADF37-1D0B-4AB2-82D8-A35E14FBD89D}.Release|x86.Build.0 = Release|x86
	EndGlobalSection
	GlobalSection(SolutionProperties) = preSolution
		HideSolutionNode = FALSE
	EndGlobalSection
EndGlobal
