
Microsoft Visual Studio Solution File, Format Version 11.00
# Visual Studio 2010
Project("{FAE04EC0-301F-11D3-BF4B-00C04F79EFBC}") = "AllExtensions", "AllExtensions\AllExtensions.csproj", "{71AFDC74-CF39-4A94-99BB-0C700CCF9ABA}"
EndProject
Global
	GlobalSection(SolutionConfigurationPlatforms) = preSolution
		Debug|x86 = Debug|x86
		Release|x86 = Release|x86
	EndGlobalSection
	GlobalSection(ProjectConfigurationPlatforms) = postSolution
		{71AFDC74-CF39-4A94-99BB-0C700CCF9ABA}.Debug|x86.ActiveCfg = Debug|x86
		{71AFDC74-CF39-4A94-99BB-0C700CCF9ABA}.Debug|x86.Build.0 = Debug|x86
		{71AFDC74-CF39-4A94-99BB-0C700CCF9ABA}.Release|x86.ActiveCfg = Release|x86
		{71AFDC74-CF39-4A94-99BB-0C700CCF9ABA}.Release|x86.Build.0 = Release|x86
	EndGlobalSection
	GlobalSection(SolutionProperties) = preSolution
		HideSolutionNode = FALSE
	EndGlobalSection
EndGlobal
