
Microsoft Visual Studio Solution File, Format Version 11.00
# Visual Studio 2010
Project("{FAE04EC0-301F-11D3-BF4B-00C04F79EFBC}") = "SLApp", "SLApp\SLApp.csproj", "{D3B2F926-E152-46D4-889F-9CBBBF1E4E3A}"
	ProjectSection(ProjectDependencies) = postProject
		{ED5EC587-67CF-480F-9111-413FC744BFD2} = {ED5EC587-67CF-480F-9111-413FC744BFD2}
	EndProjectSection
EndProject
Project("{FAE04EC0-301F-11D3-BF4B-00C04F79EFBC}") = "SLApp.Web", "SLApp.Web\SLApp.Web.csproj", "{ED5EC587-67CF-480F-9111-413FC744BFD2}"
EndProject
Global
	GlobalSection(SolutionConfigurationPlatforms) = preSolution
		Debug|Any CPU = Debug|Any CPU
		Release|Any CPU = Release|Any CPU
	EndGlobalSection
	GlobalSection(ProjectConfigurationPlatforms) = postSolution
		{D3B2F926-E152-46D4-889F-9CBBBF1E4E3A}.Debug|Any CPU.ActiveCfg = Debug|Any CPU
		{D3B2F926-E152-46D4-889F-9CBBBF1E4E3A}.Debug|Any CPU.Build.0 = Debug|Any CPU
		{D3B2F926-E152-46D4-889F-9CBBBF1E4E3A}.Release|Any CPU.ActiveCfg = Release|Any CPU
		{D3B2F926-E152-46D4-889F-9CBBBF1E4E3A}.Release|Any CPU.Build.0 = Release|Any CPU
		{ED5EC587-67CF-480F-9111-413FC744BFD2}.Debug|Any CPU.ActiveCfg = Debug|Any CPU
		{ED5EC587-67CF-480F-9111-413FC744BFD2}.Debug|Any CPU.Build.0 = Debug|Any CPU
		{ED5EC587-67CF-480F-9111-413FC744BFD2}.Release|Any CPU.ActiveCfg = Release|Any CPU
		{ED5EC587-67CF-480F-9111-413FC744BFD2}.Release|Any CPU.Build.0 = Release|Any CPU
	EndGlobalSection
	GlobalSection(SolutionProperties) = preSolution
		HideSolutionNode = FALSE
	EndGlobalSection
EndGlobal
