
Microsoft Visual Studio Solution File, Format Version 11.00
# Visual Studio 2010
Project("{FAE04EC0-301F-11D3-BF4B-00C04F79EFBC}") = "GlobAwareService", "GlobAwareService\GlobAwareService.csproj", "{AEED6743-B7C5-498E-B5E4-A59FCF2DF818}"
EndProject
Global
	GlobalSection(SolutionConfigurationPlatforms) = preSolution
		Debug|x86 = Debug|x86
		Release|x86 = Release|x86
	EndGlobalSection
	GlobalSection(ProjectConfigurationPlatforms) = postSolution
		{AEED6743-B7C5-498E-B5E4-A59FCF2DF818}.Debug|x86.ActiveCfg = Debug|x86
		{AEED6743-B7C5-498E-B5E4-A59FCF2DF818}.Debug|x86.Build.0 = Debug|x86
		{AEED6743-B7C5-498E-B5E4-A59FCF2DF818}.Release|x86.ActiveCfg = Release|x86
		{AEED6743-B7C5-498E-B5E4-A59FCF2DF818}.Release|x86.Build.0 = Release|x86
	EndGlobalSection
	GlobalSection(SolutionProperties) = preSolution
		HideSolutionNode = FALSE
	EndGlobalSection
EndGlobal
